// !$*UTF8*$!
{
	archiveVersion = 1;
	classes = {
	};
	objectVersion = 50;
	objects = {

/* Begin PBXBuildFile section */
		6732764A2770928B00FFD14F /* MembershipView.swift in Sources */ = {isa = PBXBuildFile; fileRef = 673276492770928B00FFD14F /* MembershipView.swift */; };
		6732764C277092A000FFD14F /* LocationView.swift in Sources */ = {isa = PBXBuildFile; fileRef = 6732764B277092A000FFD14F /* LocationView.swift */; };
		6732764E277092C300FFD14F /* WalletView.swift in Sources */ = {isa = PBXBuildFile; fileRef = 6732764D277092C300FFD14F /* WalletView.swift */; };
		673276582770AE2D00FFD14F /* Navigation.swift in Sources */ = {isa = PBXBuildFile; fileRef = 673276572770AE2D00FFD14F /* Navigation.swift */; };
		67A4950D276BA75400A5145C /* ProgressView.swift in Sources */ = {isa = PBXBuildFile; fileRef = 67A4950C276BA75400A5145C /* ProgressView.swift */; };
		67B4524E2772E28400968723 /* ModalView.swift in Sources */ = {isa = PBXBuildFile; fileRef = 67B4524D2772E28400968723 /* ModalView.swift */; };
		67B452502772E60D00968723 /* PromoOneView.swift in Sources */ = {isa = PBXBuildFile; fileRef = 67B4524F2772E60D00968723 /* PromoOneView.swift */; };
		67B452532772E86D00968723 /* PromoTwoView.swift in Sources */ = {isa = PBXBuildFile; fileRef = 67B452522772E86D00968723 /* PromoTwoView.swift */; };
		67B452552772E87C00968723 /* PromoThreeView.swift in Sources */ = {isa = PBXBuildFile; fileRef = 67B452542772E87C00968723 /* PromoThreeView.swift */; };
		67B452572772E88500968723 /* PromoFourView.swift in Sources */ = {isa = PBXBuildFile; fileRef = 67B452562772E88500968723 /* PromoFourView.swift */; };
		67C51FAD27671F90004D0AE9 /* CompletedSignUp.swift in Sources */ = {isa = PBXBuildFile; fileRef = 67C51FAC27671F90004D0AE9 /* CompletedSignUp.swift */; };
		67C51FB127672324004D0AE9 /* ForgotPasswordView.swift in Sources */ = {isa = PBXBuildFile; fileRef = 67C51FB027672324004D0AE9 /* ForgotPasswordView.swift */; };
		67C51FB3276726BA004D0AE9 /* EmailSentView.swift in Sources */ = {isa = PBXBuildFile; fileRef = 67C51FB2276726BA004D0AE9 /* EmailSentView.swift */; };
		67C51FB527672AED004D0AE9 /* MenuView.swift in Sources */ = {isa = PBXBuildFile; fileRef = 67C51FB427672AED004D0AE9 /* MenuView.swift */; };
		67E6FC642768F0FB00245E76 /* HomeView.swift in Sources */ = {isa = PBXBuildFile; fileRef = 67E6FC632768F0FB00245E76 /* HomeView.swift */; };
		67F9D48E276646C00037BF86 /* CoffeeShopApp.swift in Sources */ = {isa = PBXBuildFile; fileRef = 67F9D48D276646C00037BF86 /* CoffeeShopApp.swift */; };
		67F9D490276646C00037BF86 /* ContentView.swift in Sources */ = {isa = PBXBuildFile; fileRef = 67F9D48F276646C00037BF86 /* ContentView.swift */; };
		67F9D492276646C60037BF86 /* Assets.xcassets in Resources */ = {isa = PBXBuildFile; fileRef = 67F9D491276646C60037BF86 /* Assets.xcassets */; };
		67F9D495276646C60037BF86 /* Preview Assets.xcassets in Resources */ = {isa = PBXBuildFile; fileRef = 67F9D494276646C60037BF86 /* Preview Assets.xcassets */; };
		67F9D4A227664A310037BF86 /* OnBoardingPage.swift in Sources */ = {isa = PBXBuildFile; fileRef = 67F9D4A127664A310037BF86 /* OnBoardingPage.swift */; };
		67F9D4A42766581F0037BF86 /* OnBoardingItems.swift in Sources */ = {isa = PBXBuildFile; fileRef = 67F9D4A32766581F0037BF86 /* OnBoardingItems.swift */; };
		67F9D4AC276667840037BF86 /* LoginView.swift in Sources */ = {isa = PBXBuildFile; fileRef = 67F9D4AB276667840037BF86 /* LoginView.swift */; };
		67F9D4AE276681190037BF86 /* SignUpView.swift in Sources */ = {isa = PBXBuildFile; fileRef = 67F9D4AD276681190037BF86 /* SignUpView.swift */; };
/* End PBXBuildFile section */

/* Begin PBXFileReference section */
		673276492770928B00FFD14F /* MembershipView.swift */ = {isa = PBXFileReference; lastKnownFileType = sourcecode.swift; path = MembershipView.swift; sourceTree = "<group>"; };
		6732764B277092A000FFD14F /* LocationView.swift */ = {isa = PBXFileReference; lastKnownFileType = sourcecode.swift; path = LocationView.swift; sourceTree = "<group>"; };
		6732764D277092C300FFD14F /* WalletView.swift */ = {isa = PBXFileReference; lastKnownFileType = sourcecode.swift; path = WalletView.swift; sourceTree = "<group>"; };
		673276572770AE2D00FFD14F /* Navigation.swift */ = {isa = PBXFileReference; lastKnownFileType = sourcecode.swift; path = Navigation.swift; sourceTree = "<group>"; };
		67A4950C276BA75400A5145C /* ProgressView.swift */ = {isa = PBXFileReference; lastKnownFileType = sourcecode.swift; path = ProgressView.swift; sourceTree = "<group>"; };
		67B4524D2772E28400968723 /* ModalView.swift */ = {isa = PBXFileReference; lastKnownFileType = sourcecode.swift; path = ModalView.swift; sourceTree = "<group>"; };
		67B4524F2772E60D00968723 /* PromoOneView.swift */ = {isa = PBXFileReference; lastKnownFileType = sourcecode.swift; path = PromoOneView.swift; sourceTree = "<group>"; };
		67B452522772E86D00968723 /* PromoTwoView.swift */ = {isa = PBXFileReference; lastKnownFileType = sourcecode.swift; path = PromoTwoView.swift; sourceTree = "<group>"; };
		67B452542772E87C00968723 /* PromoThreeView.swift */ = {isa = PBXFileReference; lastKnownFileType = sourcecode.swift; path = PromoThreeView.swift; sourceTree = "<group>"; };
		67B452562772E88500968723 /* PromoFourView.swift */ = {isa = PBXFileReference; lastKnownFileType = sourcecode.swift; path = PromoFourView.swift; sourceTree = "<group>"; };
		67C51FAC27671F90004D0AE9 /* CompletedSignUp.swift */ = {isa = PBXFileReference; lastKnownFileType = sourcecode.swift; path = CompletedSignUp.swift; sourceTree = "<group>"; };
		67C51FB027672324004D0AE9 /* ForgotPasswordView.swift */ = {isa = PBXFileReference; lastKnownFileType = sourcecode.swift; path = ForgotPasswordView.swift; sourceTree = "<group>"; };
		67C51FB2276726BA004D0AE9 /* EmailSentView.swift */ = {isa = PBXFileReference; lastKnownFileType = sourcecode.swift; path = EmailSentView.swift; sourceTree = "<group>"; };
		67C51FB427672AED004D0AE9 /* MenuView.swift */ = {isa = PBXFileReference; lastKnownFileType = sourcecode.swift; path = MenuView.swift; sourceTree = "<group>"; };
		67E6FC632768F0FB00245E76 /* HomeView.swift */ = {isa = PBXFileReference; lastKnownFileType = sourcecode.swift; path = HomeView.swift; sourceTree = "<group>"; };
		67F9D48A276646C00037BF86 /* CoffeeShop.app */ = {isa = PBXFileReference; explicitFileType = wrapper.application; includeInIndex = 0; path = CoffeeShop.app; sourceTree = BUILT_PRODUCTS_DIR; };
		67F9D48D276646C00037BF86 /* CoffeeShopApp.swift */ = {isa = PBXFileReference; lastKnownFileType = sourcecode.swift; path = CoffeeShopApp.swift; sourceTree = "<group>"; };
		67F9D48F276646C00037BF86 /* ContentView.swift */ = {isa = PBXFileReference; lastKnownFileType = sourcecode.swift; path = ContentView.swift; sourceTree = "<group>"; };
		67F9D491276646C60037BF86 /* Assets.xcassets */ = {isa = PBXFileReference; lastKnownFileType = folder.assetcatalog; path = Assets.xcassets; sourceTree = "<group>"; };
		67F9D494276646C60037BF86 /* Preview Assets.xcassets */ = {isa = PBXFileReference; lastKnownFileType = folder.assetcatalog; path = "Preview Assets.xcassets"; sourceTree = "<group>"; };
		67F9D496276646C60037BF86 /* Info.plist */ = {isa = PBXFileReference; lastKnownFileType = text.plist.xml; path = Info.plist; sourceTree = "<group>"; };
		67F9D4A127664A310037BF86 /* OnBoardingPage.swift */ = {isa = PBXFileReference; lastKnownFileType = sourcecode.swift; path = OnBoardingPage.swift; sourceTree = "<group>"; };
		67F9D4A32766581F0037BF86 /* OnBoardingItems.swift */ = {isa = PBXFileReference; lastKnownFileType = sourcecode.swift; path = OnBoardingItems.swift; sourceTree = "<group>"; };
		67F9D4AB276667840037BF86 /* LoginView.swift */ = {isa = PBXFileReference; lastKnownFileType = sourcecode.swift; path = LoginView.swift; sourceTree = "<group>"; };
		67F9D4AD276681190037BF86 /* SignUpView.swift */ = {isa = PBXFileReference; lastKnownFileType = sourcecode.swift; path = SignUpView.swift; sourceTree = "<group>"; };
/* End PBXFileReference section */

/* Begin PBXFrameworksBuildPhase section */
		67F9D487276646C00037BF86 /* Frameworks */ = {
			isa = PBXFrameworksBuildPhase;
			buildActionMask = 2147483647;
			files = (
			);
			runOnlyForDeploymentPostprocessing = 0;
		};
/* End PBXFrameworksBuildPhase section */

/* Begin PBXGroup section */
		67327650277092E100FFD14F /* Apps */ = {
			isa = PBXGroup;
			children = (
				67C51FB427672AED004D0AE9 /* MenuView.swift */,
				67E6FC632768F0FB00245E76 /* HomeView.swift */,
				673276492770928B00FFD14F /* MembershipView.swift */,
				6732764B277092A000FFD14F /* LocationView.swift */,
				6732764D277092C300FFD14F /* WalletView.swift */,
			);
			path = Apps;
			sourceTree = "<group>";
		};
		67B452512772E80900968723 /* PopUpModal */ = {
			isa = PBXGroup;
			children = (
				67B4524D2772E28400968723 /* ModalView.swift */,
				67B4524F2772E60D00968723 /* PromoOneView.swift */,
				67B452522772E86D00968723 /* PromoTwoView.swift */,
				67B452542772E87C00968723 /* PromoThreeView.swift */,
				67B452562772E88500968723 /* PromoFourView.swift */,
			);
			path = PopUpModal;
			sourceTree = "<group>";
		};
		67C51FAE276722A0004D0AE9 /* SignUp */ = {
			isa = PBXGroup;
			children = (
				67C51FAC27671F90004D0AE9 /* CompletedSignUp.swift */,
				67F9D4AD276681190037BF86 /* SignUpView.swift */,
			);
			path = SignUp;
			sourceTree = "<group>";
		};
		67C51FAF276722B3004D0AE9 /* Login */ = {
			isa = PBXGroup;
			children = (
				67F9D4AB276667840037BF86 /* LoginView.swift */,
				67C51FB027672324004D0AE9 /* ForgotPasswordView.swift */,
				67C51FB2276726BA004D0AE9 /* EmailSentView.swift */,
			);
			path = Login;
			sourceTree = "<group>";
		};
		67F9D481276646C00037BF86 = {
			isa = PBXGroup;
			children = (
				67F9D48C276646C00037BF86 /* CoffeeShop */,
				67F9D48B276646C00037BF86 /* Products */,
			);
			sourceTree = "<group>";
		};
		67F9D48B276646C00037BF86 /* Products */ = {
			isa = PBXGroup;
			children = (
				67F9D48A276646C00037BF86 /* CoffeeShop.app */,
			);
			name = Products;
			sourceTree = "<group>";
		};
		67F9D48C276646C00037BF86 /* CoffeeShop */ = {
			isa = PBXGroup;
			children = (
				67F9D48D276646C00037BF86 /* CoffeeShopApp.swift */,
				67327650277092E100FFD14F /* Apps */,
				67F9D4A0276648040037BF86 /* View */,
				67F9D49E276647EE0037BF86 /* View Modal */,
				67F9D49C276647CD0037BF86 /* Modal */,
				67F9D491276646C60037BF86 /* Assets.xcassets */,
				67F9D496276646C60037BF86 /* Info.plist */,
				67F9D493276646C60037BF86 /* Preview Content */,
			);
			path = CoffeeShop;
			sourceTree = "<group>";
		};
		67F9D493276646C60037BF86 /* Preview Content */ = {
			isa = PBXGroup;
			children = (
				67F9D494276646C60037BF86 /* Preview Assets.xcassets */,
			);
			path = "Preview Content";
			sourceTree = "<group>";
		};
		67F9D49C276647CD0037BF86 /* Modal */ = {
			isa = PBXGroup;
			children = (
				67F9D4A32766581F0037BF86 /* OnBoardingItems.swift */,
				67B452512772E80900968723 /* PopUpModal */,
			);
			path = Modal;
			sourceTree = "<group>";
		};
		67F9D49E276647EE0037BF86 /* View Modal */ = {
			isa = PBXGroup;
			children = (
				67A4950C276BA75400A5145C /* ProgressView.swift */,
			);
			path = "View Modal";
			sourceTree = "<group>";
		};
		67F9D4A0276648040037BF86 /* View */ = {
			isa = PBXGroup;
			children = (
				67F9D48F276646C00037BF86 /* ContentView.swift */,
				67F9D4A127664A310037BF86 /* OnBoardingPage.swift */,
				673276572770AE2D00FFD14F /* Navigation.swift */,
				67C51FAF276722B3004D0AE9 /* Login */,
				67C51FAE276722A0004D0AE9 /* SignUp */,
			);
			path = View;
			sourceTree = "<group>";
		};
/* End PBXGroup section */

/* Begin PBXNativeTarget section */
		67F9D489276646C00037BF86 /* CoffeeShop */ = {
			isa = PBXNativeTarget;
			buildConfigurationList = 67F9D499276646C60037BF86 /* Build configuration list for PBXNativeTarget "CoffeeShop" */;
			buildPhases = (
				67F9D486276646C00037BF86 /* Sources */,
				67F9D487276646C00037BF86 /* Frameworks */,
				67F9D488276646C00037BF86 /* Resources */,
			);
			buildRules = (
			);
			dependencies = (
			);
			name = CoffeeShop;
			productName = CoffeeShop;
			productReference = 67F9D48A276646C00037BF86 /* CoffeeShop.app */;
			productType = "com.apple.product-type.application";
		};
/* End PBXNativeTarget section */

/* Begin PBXProject section */
		67F9D482276646C00037BF86 /* Project object */ = {
			isa = PBXProject;
			attributes = {
				LastSwiftUpdateCheck = 1250;
				LastUpgradeCheck = 1250;
				TargetAttributes = {
					67F9D489276646C00037BF86 = {
						CreatedOnToolsVersion = 12.5.1;
					};
				};
			};
			buildConfigurationList = 67F9D485276646C00037BF86 /* Build configuration list for PBXProject "CoffeeShop" */;
			compatibilityVersion = "Xcode 9.3";
			developmentRegion = en;
			hasScannedForEncodings = 0;
			knownRegions = (
				en,
				Base,
			);
			mainGroup = 67F9D481276646C00037BF86;
			productRefGroup = 67F9D48B276646C00037BF86 /* Products */;
			projectDirPath = "";
			projectRoot = "";
			targets = (
				67F9D489276646C00037BF86 /* CoffeeShop */,
			);
		};
/* End PBXProject section */

/* Begin PBXResourcesBuildPhase section */
		67F9D488276646C00037BF86 /* Resources */ = {
			isa = PBXResourcesBuildPhase;
			buildActionMask = 2147483647;
			files = (
				67F9D495276646C60037BF86 /* Preview Assets.xcassets in Resources */,
				67F9D492276646C60037BF86 /* Assets.xcassets in Resources */,
			);
			runOnlyForDeploymentPostprocessing = 0;
		};
/* End PBXResourcesBuildPhase section */

/* Begin PBXSourcesBuildPhase section */
		67F9D486276646C00037BF86 /* Sources */ = {
			isa = PBXSourcesBuildPhase;
			buildActionMask = 2147483647;
			files = (
				67F9D4A42766581F0037BF86 /* OnBoardingItems.swift in Sources */,
				67F9D490276646C00037BF86 /* ContentView.swift in Sources */,
				67C51FB127672324004D0AE9 /* ForgotPasswordView.swift in Sources */,
				67C51FAD27671F90004D0AE9 /* CompletedSignUp.swift in Sources */,
				67B452552772E87C00968723 /* PromoThreeView.swift in Sources */,
				67B452502772E60D00968723 /* PromoOneView.swift in Sources */,
				6732764A2770928B00FFD14F /* MembershipView.swift in Sources */,
				67C51FB3276726BA004D0AE9 /* EmailSentView.swift in Sources */,
				67B4524E2772E28400968723 /* ModalView.swift in Sources */,
				67E6FC642768F0FB00245E76 /* HomeView.swift in Sources */,
				6732764C277092A000FFD14F /* LocationView.swift in Sources */,
				673276582770AE2D00FFD14F /* Navigation.swift in Sources */,
				67B452572772E88500968723 /* PromoFourView.swift in Sources */,
				67B452532772E86D00968723 /* PromoTwoView.swift in Sources */,
				67C51FB527672AED004D0AE9 /* MenuView.swift in Sources */,
				67F9D4A227664A310037BF86 /* OnBoardingPage.swift in Sources */,
				67F9D4AC276667840037BF86 /* LoginView.swift in Sources */,
				67F9D4AE276681190037BF86 /* SignUpView.swift in Sources */,
				67F9D48E276646C00037BF86 /* CoffeeShopApp.swift in Sources */,
				67A4950D276BA75400A5145C /* ProgressView.swift in Sources */,
				6732764E277092C300FFD14F /* WalletView.swift in Sources */,
			);
			runOnlyForDeploymentPostprocessing = 0;
		};
/* End PBXSourcesBuildPhase section */

/* Begin XCBuildConfiguration section */
		67F9D497276646C60037BF86 /* Debug */ = {
			isa = XCBuildConfiguration;
			buildSettings = {
				ALWAYS_SEARCH_USER_PATHS = NO;
				CLANG_ANALYZER_NONNULL = YES;
				CLANG_ANALYZER_NUMBER_OBJECT_CONVERSION = YES_AGGRESSIVE;
				CLANG_CXX_LANGUAGE_STANDARD = "gnu++14";
				CLANG_CXX_LIBRARY = "libc++";
				CLANG_ENABLE_MODULES = YES;
				CLANG_ENABLE_OBJC_ARC = YES;
				CLANG_ENABLE_OBJC_WEAK = YES;
				CLANG_WARN_BLOCK_CAPTURE_AUTORELEASING = YES;
				CLANG_WARN_BOOL_CONVERSION = YES;
				CLANG_WARN_COMMA = YES;
				CLANG_WARN_CONSTANT_CONVERSION = YES;
				CLANG_WARN_DEPRECATED_OBJC_IMPLEMENTATIONS = YES;
				CLANG_WARN_DIRECT_OBJC_ISA_USAGE = YES_ERROR;
				CLANG_WARN_DOCUMENTATION_COMMENTS = YES;
				CLANG_WARN_EMPTY_BODY = YES;
				CLANG_WARN_ENUM_CONVERSION = YES;
				CLANG_WARN_INFINITE_RECURSION = YES;
				CLANG_WARN_INT_CONVERSION = YES;
				CLANG_WARN_NON_LITERAL_NULL_CONVERSION = YES;
				CLANG_WARN_OBJC_IMPLICIT_RETAIN_SELF = YES;
				CLANG_WARN_OBJC_LITERAL_CONVERSION = YES;
				CLANG_WARN_OBJC_ROOT_CLASS = YES_ERROR;
				CLANG_WARN_QUOTED_INCLUDE_IN_FRAMEWORK_HEADER = YES;
				CLANG_WARN_RANGE_LOOP_ANALYSIS = YES;
				CLANG_WARN_STRICT_PROTOTYPES = YES;
				CLANG_WARN_SUSPICIOUS_MOVE = YES;
				CLANG_WARN_UNGUARDED_AVAILABILITY = YES_AGGRESSIVE;
				CLANG_WARN_UNREACHABLE_CODE = YES;
				CLANG_WARN__DUPLICATE_METHOD_MATCH = YES;
				COPY_PHASE_STRIP = NO;
				DEBUG_INFORMATION_FORMAT = dwarf;
				ENABLE_STRICT_OBJC_MSGSEND = YES;
				ENABLE_TESTABILITY = YES;
				GCC_C_LANGUAGE_STANDARD = gnu11;
				GCC_DYNAMIC_NO_PIC = NO;
				GCC_NO_COMMON_BLOCKS = YES;
				GCC_OPTIMIZATION_LEVEL = 0;
				GCC_PREPROCESSOR_DEFINITIONS = (
					"DEBUG=1",
					"$(inherited)",
				);
				GCC_WARN_64_TO_32_BIT_CONVERSION = YES;
				GCC_WARN_ABOUT_RETURN_TYPE = YES_ERROR;
				GCC_WARN_UNDECLARED_SELECTOR = YES;
				GCC_WARN_UNINITIALIZED_AUTOS = YES_AGGRESSIVE;
				GCC_WARN_UNUSED_FUNCTION = YES;
				GCC_WARN_UNUSED_VARIABLE = YES;
				IPHONEOS_DEPLOYMENT_TARGET = 14.5;
				MTL_ENABLE_DEBUG_INFO = INCLUDE_SOURCE;
				MTL_FAST_MATH = YES;
				ONLY_ACTIVE_ARCH = YES;
				SDKROOT = iphoneos;
				SWIFT_ACTIVE_COMPILATION_CONDITIONS = DEBUG;
				SWIFT_OPTIMIZATION_LEVEL = "-Onone";
			};
			name = Debug;
		};
		67F9D498276646C60037BF86 /* Release */ = {
			isa = XCBuildConfiguration;
			buildSettings = {
				ALWAYS_SEARCH_USER_PATHS = NO;
				CLANG_ANALYZER_NONNULL = YES;
				CLANG_ANALYZER_NUMBER_OBJECT_CONVERSION = YES_AGGRESSIVE;
				CLANG_CXX_LANGUAGE_STANDARD = "gnu++14";
				CLANG_CXX_LIBRARY = "libc++";
				CLANG_ENABLE_MODULES = YES;
				CLANG_ENABLE_OBJC_ARC = YES;
				CLANG_ENABLE_OBJC_WEAK = YES;
				CLANG_WARN_BLOCK_CAPTURE_AUTORELEASING = YES;
				CLANG_WARN_BOOL_CONVERSION = YES;
				CLANG_WARN_COMMA = YES;
				CLANG_WARN_CONSTANT_CONVERSION = YES;
				CLANG_WARN_DEPRECATED_OBJC_IMPLEMENTATIONS = YES;
				CLANG_WARN_DIRECT_OBJC_ISA_USAGE = YES_ERROR;
				CLANG_WARN_DOCUMENTATION_COMMENTS = YES;
				CLANG_WARN_EMPTY_BODY = YES;
				CLANG_WARN_ENUM_CONVERSION = YES;
				CLANG_WARN_INFINITE_RECURSION = YES;
				CLANG_WARN_INT_CONVERSION = YES;
				CLANG_WARN_NON_LITERAL_NULL_CONVERSION = YES;
				CLANG_WARN_OBJC_IMPLICIT_RETAIN_SELF = YES;
				CLANG_WARN_OBJC_LITERAL_CONVERSION = YES;
				CLANG_WARN_OBJC_ROOT_CLASS = YES_ERROR;
				CLANG_WARN_QUOTED_INCLUDE_IN_FRAMEWORK_HEADER = YES;
				CLANG_WARN_RANGE_LOOP_ANALYSIS = YES;
				CLANG_WARN_STRICT_PROTOTYPES = YES;
				CLANG_WARN_SUSPICIOUS_MOVE = YES;
				CLANG_WARN_UNGUARDED_AVAILABILITY = YES_AGGRESSIVE;
				CLANG_WARN_UNREACHABLE_CODE = YES;
				CLANG_WARN__DUPLICATE_METHOD_MATCH = YES;
				COPY_PHASE_STRIP = NO;
				DEBUG_INFORMATION_FORMAT = "dwarf-with-dsym";
				ENABLE_NS_ASSERTIONS = NO;
				ENABLE_STRICT_OBJC_MSGSEND = YES;
				GCC_C_LANGUAGE_STANDARD = gnu11;
				GCC_NO_COMMON_BLOCKS = YES;
				GCC_WARN_64_TO_32_BIT_CONVERSION = YES;
				GCC_WARN_ABOUT_RETURN_TYPE = YES_ERROR;
				GCC_WARN_UNDECLARED_SELECTOR = YES;
				GCC_WARN_UNINITIALIZED_AUTOS = YES_AGGRESSIVE;
				GCC_WARN_UNUSED_FUNCTION = YES;
				GCC_WARN_UNUSED_VARIABLE = YES;
				IPHONEOS_DEPLOYMENT_TARGET = 14.5;
				MTL_ENABLE_DEBUG_INFO = NO;
				MTL_FAST_MATH = YES;
				SDKROOT = iphoneos;
				SWIFT_COMPILATION_MODE = wholemodule;
				SWIFT_OPTIMIZATION_LEVEL = "-O";
				VALIDATE_PRODUCT = YES;
			};
			name = Release;
		};
		67F9D49A276646C60037BF86 /* Debug */ = {
			isa = XCBuildConfiguration;
			buildSettings = {
				ASSETCATALOG_COMPILER_APPICON_NAME = AppIcon;
				ASSETCATALOG_COMPILER_GLOBAL_ACCENT_COLOR_NAME = AccentColor;
				CODE_SIGN_STYLE = Automatic;
				DEVELOPMENT_ASSET_PATHS = "\"CoffeeShop/Preview Content\"";
				DEVELOPMENT_TEAM = 3J4XFNR98C;
				ENABLE_PREVIEWS = YES;
				INFOPLIST_FILE = CoffeeShop/Info.plist;
				IPHONEOS_DEPLOYMENT_TARGET = 14.0;
				LD_RUNPATH_SEARCH_PATHS = (
					"$(inherited)",
					"@executable_path/Frameworks",
				);
				PRODUCT_BUNDLE_IDENTIFIER = com.AlifKhosyi.CoffeeShop;
				PRODUCT_NAME = "$(TARGET_NAME)";
				SWIFT_VERSION = 5.0;
				TARGETED_DEVICE_FAMILY = "1,2";
			};
			name = Debug;
		};
		67F9D49B276646C60037BF86 /* Release */ = {
			isa = XCBuildConfiguration;
			buildSettings = {
				ASSETCATALOG_COMPILER_APPICON_NAME = AppIcon;
				ASSETCATALOG_COMPILER_GLOBAL_ACCENT_COLOR_NAME = AccentColor;
				CODE_SIGN_STYLE = Automatic;
				DEVELOPMENT_ASSET_PATHS = "\"CoffeeShop/Preview Content\"";
				DEVELOPMENT_TEAM = 3J4XFNR98C;
				ENABLE_PREVIEWS = YES;
				INFOPLIST_FILE = CoffeeShop/Info.plist;
				IPHONEOS_DEPLOYMENT_TARGET = 14.0;
				LD_RUNPATH_SEARCH_PATHS = (
					"$(inherited)",
					"@executable_path/Frameworks",
				);
				PRODUCT_BUNDLE_IDENTIFIER = com.AlifKhosyi.CoffeeShop;
				PRODUCT_NAME = "$(TARGET_NAME)";
				SWIFT_VERSION = 5.0;
				TARGETED_DEVICE_FAMILY = "1,2";
			};
			name = Release;
		};
/* End XCBuildConfiguration section */

/* Begin XCConfigurationList section */
		67F9D485276646C00037BF86 /* Build configuration list for PBXProject "CoffeeShop" */ = {
			isa = XCConfigurationList;
			buildConfigurations = (
				67F9D497276646C60037BF86 /* Debug */,
				67F9D498276646C60037BF86 /* Release */,
			);
			defaultConfigurationIsVisible = 0;
			defaultConfigurationName = Release;
		};
		67F9D499276646C60037BF86 /* Build configuration list for PBXNativeTarget "CoffeeShop" */ = {
			isa = XCConfigurationList;
			buildConfigurations = (
				67F9D49A276646C60037BF86 /* Debug */,
				67F9D49B276646C60037BF86 /* Release */,
			);
			defaultConfigurationIsVisible = 0;
			defaultConfigurationName = Release;
		};
/* End XCConfigurationList section */
	};
	rootObject = 67F9D482276646C00037BF86 /* Project object */;
}
